
Microsoft Visual Studio Solution File, Format Version 12.00
# Visual Studio Version 16
VisualStudioVersion = 16.0.30503.244
MinimumVisualStudioVersion = 10.0.40219.1
Project("{FAE04EC0-301F-11D3-BF4B-00C04F79EFBC}") = "loterias-caixa", "loterias-caixa\loterias-caixa.csproj", "{BE069B60-5494-4BB5-BB6B-28268FBCFAD3}"
EndProject
Project("{FAE04EC0-301F-11D3-BF4B-00C04F79EFBC}") = "loterias-caixa-teste", "loterias-caixa-teste\loterias-caixa-teste.csproj", "{5DAE6EF7-8877-4077-96D9-B3834999D139}"
EndProject
Global
	GlobalSection(SolutionConfigurationPlatforms) = preSolution
		Debug|Any CPU = Debug|Any CPU
		Release|Any CPU = Release|Any CPU
	EndGlobalSection
	GlobalSection(ProjectConfigurationPlatforms) = postSolution
		{BE069B60-5494-4BB5-BB6B-28268FBCFAD3}.Debug|Any CPU.ActiveCfg = Debug|Any CPU
		{BE069B60-5494-4BB5-BB6B-28268FBCFAD3}.Debug|Any CPU.Build.0 = Debug|Any CPU
		{BE069B60-5494-4BB5-BB6B-28268FBCFAD3}.Release|Any CPU.ActiveCfg = Release|Any CPU
		{BE069B60-5494-4BB5-BB6B-28268FBCFAD3}.Release|Any CPU.Build.0 = Release|Any CPU
		{5DAE6EF7-8877-4077-96D9-B3834999D139}.Debug|Any CPU.ActiveCfg = Debug|Any CPU
		{5DAE6EF7-8877-4077-96D9-B3834999D139}.Debug|Any CPU.Build.0 = Debug|Any CPU
		{5DAE6EF7-8877-4077-96D9-B3834999D139}.Release|Any CPU.ActiveCfg = Release|Any CPU
		{5DAE6EF7-8877-4077-96D9-B3834999D139}.Release|Any CPU.Build.0 = Release|Any CPU
	EndGlobalSection
	GlobalSection(SolutionProperties) = preSolution
		HideSolutionNode = FALSE
	EndGlobalSection
	GlobalSection(ExtensibilityGlobals) = postSolution
		SolutionGuid = {F8912D54-A49C-4148-81E7-ADE559BD33FC}
	EndGlobalSection
EndGlobal
